
Microsoft Visual Studio Solution File, Format Version 12.00
# Visual Studio Version 17
VisualStudioVersion = 17.0.31903.59
MinimumVisualStudioVersion = 10.0.40219.1
Project("{FAE04EC0-301F-11D3-BF4B-00C04F79EFBC}") = "AbstractFactory", "AbstractFactory\AbstractFactory.csproj", "{A6BAA3F2-35A4-423E-94DB-91C4E080EF24}"
EndProject
Project("{FAE04EC0-301F-11D3-BF4B-00C04F79EFBC}") = "Adapter", "Adapter\Adapter.csproj", "{DC67CEA2-8AFF-4E0E-8EFC-8658FC2F193C}"
EndProject
Project("{FAE04EC0-301F-11D3-BF4B-00C04F79EFBC}") = "Bridge", "Bridge\Bridge.csproj", "{AD4D124B-5A0F-4F39-AA56-F548582D1D71}"
EndProject
Project("{FAE04EC0-301F-11D3-BF4B-00C04F79EFBC}") = "Builder", "Builder\Builder.csproj", "{B94FC4C3-0878-4BAA-8C68-E4F744C181CA}"
EndProject
Project("{FAE04EC0-301F-11D3-BF4B-00C04F79EFBC}") = "ChainOfResponsibility", "ChainOfResponsibility\ChainOfResponsibility.csproj", "{DB299561-A6BD-49EC-92B6-7C633CC748B8}"
EndProject
Project("{FAE04EC0-301F-11D3-BF4B-00C04F79EFBC}") = "Command", "Command\Command.csproj", "{28BF8E0E-BE16-41E1-876E-9E58309B243F}"
EndProject
Project("{FAE04EC0-301F-11D3-BF4B-00C04F79EFBC}") = "Composite", "Composite\Composite.csproj", "{AB65F3AE-6635-4E20-896B-155B5D02C717}"
EndProject
Project("{FAE04EC0-301F-11D3-BF4B-00C04F79EFBC}") = "Decorator", "Decorator\Decorator.csproj", "{2A9C134A-7100-45A4-B0D9-5553CC966A2A}"
EndProject
Project("{FAE04EC0-301F-11D3-BF4B-00C04F79EFBC}") = "DependencyInjection", "DependencyInjection\DependencyInjection.csproj", "{E6E6A3CF-5758-4B08-8F12-85B28D885AE9}"
EndProject
Project("{FAE04EC0-301F-11D3-BF4B-00C04F79EFBC}") = "Facade", "Facade\Facade.csproj", "{D4E85B45-2450-43C8-AB41-9F2F5F9D01BC}"
EndProject
Project("{FAE04EC0-301F-11D3-BF4B-00C04F79EFBC}") = "Factory", "Factory\Factory.csproj", "{821BA4A0-4DF5-4782-804B-2687BDED8C43}"
EndProject
Project("{FAE04EC0-301F-11D3-BF4B-00C04F79EFBC}") = "Flyweight", "Flyweight\Flyweight.csproj", "{D710D71D-BDE0-4369-94CC-210EB3019C9B}"
EndProject
Project("{FAE04EC0-301F-11D3-BF4B-00C04F79EFBC}") = "Interpreter", "Interpreter\Interpreter.csproj", "{DDF5C376-A340-4D20-93A9-F37CFA7E3213}"
EndProject
Project("{FAE04EC0-301F-11D3-BF4B-00C04F79EFBC}") = "Iterator", "Iterator\Iterator.csproj", "{6C708A75-2027-4A9A-9662-5AA253CC0928}"
EndProject
Project("{FAE04EC0-301F-11D3-BF4B-00C04F79EFBC}") = "Mediator", "Mediator\Mediator.csproj", "{7DE57B6C-07FC-42F6-831C-D752AFD682B0}"
EndProject
Project("{FAE04EC0-301F-11D3-BF4B-00C04F79EFBC}") = "Memento", "Memento\Memento.csproj", "{76A18F58-5868-428C-8995-C4A5A188C58F}"
EndProject
Project("{FAE04EC0-301F-11D3-BF4B-00C04F79EFBC}") = "Observer", "Observer\Observer.csproj", "{98AFA5A6-47F3-4F88-B1DB-00F2CA46A30A}"
EndProject
Project("{FAE04EC0-301F-11D3-BF4B-00C04F79EFBC}") = "Prototype", "Prototype\Prototype.csproj", "{6129C8FD-77A0-4A1C-A755-512C3D3107FC}"
EndProject
Project("{FAE04EC0-301F-11D3-BF4B-00C04F79EFBC}") = "Proxy", "Proxy\Proxy.csproj", "{99A03451-33AC-4798-A924-6F5DE8BE86C2}"
EndProject
Project("{FAE04EC0-301F-11D3-BF4B-00C04F79EFBC}") = "Singleton", "Singleton\Singleton.csproj", "{90B38106-130A-478B-860B-E0EC40458705}"
EndProject
Project("{FAE04EC0-301F-11D3-BF4B-00C04F79EFBC}") = "SOLID", "SOLID\SOLID.csproj", "{DE9132D5-0456-495D-B670-52636B8492F4}"
EndProject
Project("{FAE04EC0-301F-11D3-BF4B-00C04F79EFBC}") = "State", "State\State.csproj", "{C014F78D-1163-404C-924C-68EA17BA3481}"
EndProject
Project("{FAE04EC0-301F-11D3-BF4B-00C04F79EFBC}") = "Strategy", "Strategy\Strategy.csproj", "{82A1E92A-79E5-4824-AAD0-63513C91A8A3}"
EndProject
Project("{FAE04EC0-301F-11D3-BF4B-00C04F79EFBC}") = "TemplateMethod", "TemplateMethod\TemplateMethod.csproj", "{6955A4DE-1262-468A-95CA-17C1252C5903}"
EndProject
Project("{FAE04EC0-301F-11D3-BF4B-00C04F79EFBC}") = "Visitor", "Visitor\Visitor.csproj", "{548E53FA-CC56-4889-91E2-9AFD90981439}"
EndProject
Global
	GlobalSection(SolutionConfigurationPlatforms) = preSolution
		Debug|Any CPU = Debug|Any CPU
		Debug|x64 = Debug|x64
		Debug|x86 = Debug|x86
		Release|Any CPU = Release|Any CPU
		Release|x64 = Release|x64
		Release|x86 = Release|x86
	EndGlobalSection
	GlobalSection(ProjectConfigurationPlatforms) = postSolution
		{A6BAA3F2-35A4-423E-94DB-91C4E080EF24}.Debug|Any CPU.ActiveCfg = Debug|Any CPU
		{A6BAA3F2-35A4-423E-94DB-91C4E080EF24}.Debug|Any CPU.Build.0 = Debug|Any CPU
		{A6BAA3F2-35A4-423E-94DB-91C4E080EF24}.Debug|x64.ActiveCfg = Debug|Any CPU
		{A6BAA3F2-35A4-423E-94DB-91C4E080EF24}.Debug|x64.Build.0 = Debug|Any CPU
		{A6BAA3F2-35A4-423E-94DB-91C4E080EF24}.Debug|x86.ActiveCfg = Debug|Any CPU
		{A6BAA3F2-35A4-423E-94DB-91C4E080EF24}.Debug|x86.Build.0 = Debug|Any CPU
		{A6BAA3F2-35A4-423E-94DB-91C4E080EF24}.Release|Any CPU.ActiveCfg = Release|Any CPU
		{A6BAA3F2-35A4-423E-94DB-91C4E080EF24}.Release|Any CPU.Build.0 = Release|Any CPU
		{A6BAA3F2-35A4-423E-94DB-91C4E080EF24}.Release|x64.ActiveCfg = Release|Any CPU
		{A6BAA3F2-35A4-423E-94DB-91C4E080EF24}.Release|x64.Build.0 = Release|Any CPU
		{A6BAA3F2-35A4-423E-94DB-91C4E080EF24}.Release|x86.ActiveCfg = Release|Any CPU
		{A6BAA3F2-35A4-423E-94DB-91C4E080EF24}.Release|x86.Build.0 = Release|Any CPU
		{DC67CEA2-8AFF-4E0E-8EFC-8658FC2F193C}.Debug|Any CPU.ActiveCfg = Debug|Any CPU
		{DC67CEA2-8AFF-4E0E-8EFC-8658FC2F193C}.Debug|Any CPU.Build.0 = Debug|Any CPU
		{DC67CEA2-8AFF-4E0E-8EFC-8658FC2F193C}.Debug|x64.ActiveCfg = Debug|Any CPU
		{DC67CEA2-8AFF-4E0E-8EFC-8658FC2F193C}.Debug|x64.Build.0 = Debug|Any CPU
		{DC67CEA2-8AFF-4E0E-8EFC-8658FC2F193C}.Debug|x86.ActiveCfg = Debug|Any CPU
		{DC67CEA2-8AFF-4E0E-8EFC-8658FC2F193C}.Debug|x86.Build.0 = Debug|Any CPU
		{DC67CEA2-8AFF-4E0E-8EFC-8658FC2F193C}.Release|Any CPU.ActiveCfg = Release|Any CPU
		{DC67CEA2-8AFF-4E0E-8EFC-8658FC2F193C}.Release|Any CPU.Build.0 = Release|Any CPU
		{DC67CEA2-8AFF-4E0E-8EFC-8658FC2F193C}.Release|x64.ActiveCfg = Release|Any CPU
		{DC67CEA2-8AFF-4E0E-8EFC-8658FC2F193C}.Release|x64.Build.0 = Release|Any CPU
		{DC67CEA2-8AFF-4E0E-8EFC-8658FC2F193C}.Release|x86.ActiveCfg = Release|Any CPU
		{DC67CEA2-8AFF-4E0E-8EFC-8658FC2F193C}.Release|x86.Build.0 = Release|Any CPU
		{AD4D124B-5A0F-4F39-AA56-F548582D1D71}.Debug|Any CPU.ActiveCfg = Debug|Any CPU
		{AD4D124B-5A0F-4F39-AA56-F548582D1D71}.Debug|Any CPU.Build.0 = Debug|Any CPU
		{AD4D124B-5A0F-4F39-AA56-F548582D1D71}.Debug|x64.ActiveCfg = Debug|Any CPU
		{AD4D124B-5A0F-4F39-AA56-F548582D1D71}.Debug|x64.Build.0 = Debug|Any CPU
		{AD4D124B-5A0F-4F39-AA56-F548582D1D71}.Debug|x86.ActiveCfg = Debug|Any CPU
		{AD4D124B-5A0F-4F39-AA56-F548582D1D71}.Debug|x86.Build.0 = Debug|Any CPU
		{AD4D124B-5A0F-4F39-AA56-F548582D1D71}.Release|Any CPU.ActiveCfg = Release|Any CPU
		{AD4D124B-5A0F-4F39-AA56-F548582D1D71}.Release|Any CPU.Build.0 = Release|Any CPU
		{AD4D124B-5A0F-4F39-AA56-F548582D1D71}.Release|x64.ActiveCfg = Release|Any CPU
		{AD4D124B-5A0F-4F39-AA56-F548582D1D71}.Release|x64.Build.0 = Release|Any CPU
		{AD4D124B-5A0F-4F39-AA56-F548582D1D71}.Release|x86.ActiveCfg = Release|Any CPU
		{AD4D124B-5A0F-4F39-AA56-F548582D1D71}.Release|x86.Build.0 = Release|Any CPU
		{B94FC4C3-0878-4BAA-8C68-E4F744C181CA}.Debug|Any CPU.ActiveCfg = Debug|Any CPU
		{B94FC4C3-0878-4BAA-8C68-E4F744C181CA}.Debug|Any CPU.Build.0 = Debug|Any CPU
		{B94FC4C3-0878-4BAA-8C68-E4F744C181CA}.Debug|x64.ActiveCfg = Debug|Any CPU
		{B94FC4C3-0878-4BAA-8C68-E4F744C181CA}.Debug|x64.Build.0 = Debug|Any CPU
		{B94FC4C3-0878-4BAA-8C68-E4F744C181CA}.Debug|x86.ActiveCfg = Debug|Any CPU
		{B94FC4C3-0878-4BAA-8C68-E4F744C181CA}.Debug|x86.Build.0 = Debug|Any CPU
		{B94FC4C3-0878-4BAA-8C68-E4F744C181CA}.Release|Any CPU.ActiveCfg = Release|Any CPU
		{B94FC4C3-0878-4BAA-8C68-E4F744C181CA}.Release|Any CPU.Build.0 = Release|Any CPU
		{B94FC4C3-0878-4BAA-8C68-E4F744C181CA}.Release|x64.ActiveCfg = Release|Any CPU
		{B94FC4C3-0878-4BAA-8C68-E4F744C181CA}.Release|x64.Build.0 = Release|Any CPU
		{B94FC4C3-0878-4BAA-8C68-E4F744C181CA}.Release|x86.ActiveCfg = Release|Any CPU
		{B94FC4C3-0878-4BAA-8C68-E4F744C181CA}.Release|x86.Build.0 = Release|Any CPU
		{DB299561-A6BD-49EC-92B6-7C633CC748B8}.Debug|Any CPU.ActiveCfg = Debug|Any CPU
		{DB299561-A6BD-49EC-92B6-7C633CC748B8}.Debug|Any CPU.Build.0 = Debug|Any CPU
		{DB299561-A6BD-49EC-92B6-7C633CC748B8}.Debug|x64.ActiveCfg = Debug|Any CPU
		{DB299561-A6BD-49EC-92B6-7C633CC748B8}.Debug|x64.Build.0 = Debug|Any CPU
		{DB299561-A6BD-49EC-92B6-7C633CC748B8}.Debug|x86.ActiveCfg = Debug|Any CPU
		{DB299561-A6BD-49EC-92B6-7C633CC748B8}.Debug|x86.Build.0 = Debug|Any CPU
		{DB299561-A6BD-49EC-92B6-7C633CC748B8}.Release|Any CPU.ActiveCfg = Release|Any CPU
		{DB299561-A6BD-49EC-92B6-7C633CC748B8}.Release|Any CPU.Build.0 = Release|Any CPU
		{DB299561-A6BD-49EC-92B6-7C633CC748B8}.Release|x64.ActiveCfg = Release|Any CPU
		{DB299561-A6BD-49EC-92B6-7C633CC748B8}.Release|x64.Build.0 = Release|Any CPU
		{DB299561-A6BD-49EC-92B6-7C633CC748B8}.Release|x86.ActiveCfg = Release|Any CPU
		{DB299561-A6BD-49EC-92B6-7C633CC748B8}.Release|x86.Build.0 = Release|Any CPU
		{28BF8E0E-BE16-41E1-876E-9E58309B243F}.Debug|Any CPU.ActiveCfg = Debug|Any CPU
		{28BF8E0E-BE16-41E1-876E-9E58309B243F}.Debug|Any CPU.Build.0 = Debug|Any CPU
		{28BF8E0E-BE16-41E1-876E-9E58309B243F}.Debug|x64.ActiveCfg = Debug|Any CPU
		{28BF8E0E-BE16-41E1-876E-9E58309B243F}.Debug|x64.Build.0 = Debug|Any CPU
		{28BF8E0E-BE16-41E1-876E-9E58309B243F}.Debug|x86.ActiveCfg = Debug|Any CPU
		{28BF8E0E-BE16-41E1-876E-9E58309B243F}.Debug|x86.Build.0 = Debug|Any CPU
		{28BF8E0E-BE16-41E1-876E-9E58309B243F}.Release|Any CPU.ActiveCfg = Release|Any CPU
		{28BF8E0E-BE16-41E1-876E-9E58309B243F}.Release|Any CPU.Build.0 = Release|Any CPU
		{28BF8E0E-BE16-41E1-876E-9E58309B243F}.Release|x64.ActiveCfg = Release|Any CPU
		{28BF8E0E-BE16-41E1-876E-9E58309B243F}.Release|x64.Build.0 = Release|Any CPU
		{28BF8E0E-BE16-41E1-876E-9E58309B243F}.Release|x86.ActiveCfg = Release|Any CPU
		{28BF8E0E-BE16-41E1-876E-9E58309B243F}.Release|x86.Build.0 = Release|Any CPU
		{AB65F3AE-6635-4E20-896B-155B5D02C717}.Debug|Any CPU.ActiveCfg = Debug|Any CPU
		{AB65F3AE-6635-4E20-896B-155B5D02C717}.Debug|Any CPU.Build.0 = Debug|Any CPU
		{AB65F3AE-6635-4E20-896B-155B5D02C717}.Debug|x64.ActiveCfg = Debug|Any CPU
		{AB65F3AE-6635-4E20-896B-155B5D02C717}.Debug|x64.Build.0 = Debug|Any CPU
		{AB65F3AE-6635-4E20-896B-155B5D02C717}.Debug|x86.ActiveCfg = Debug|Any CPU
		{AB65F3AE-6635-4E20-896B-155B5D02C717}.Debug|x86.Build.0 = Debug|Any CPU
		{AB65F3AE-6635-4E20-896B-155B5D02C717}.Release|Any CPU.ActiveCfg = Release|Any CPU
		{AB65F3AE-6635-4E20-896B-155B5D02C717}.Release|Any CPU.Build.0 = Release|Any CPU
		{AB65F3AE-6635-4E20-896B-155B5D02C717}.Release|x64.ActiveCfg = Release|Any CPU
		{AB65F3AE-6635-4E20-896B-155B5D02C717}.Release|x64.Build.0 = Release|Any CPU
		{AB65F3AE-6635-4E20-896B-155B5D02C717}.Release|x86.ActiveCfg = Release|Any CPU
		{AB65F3AE-6635-4E20-896B-155B5D02C717}.Release|x86.Build.0 = Release|Any CPU
		{2A9C134A-7100-45A4-B0D9-5553CC966A2A}.Debug|Any CPU.ActiveCfg = Debug|Any CPU
		{2A9C134A-7100-45A4-B0D9-5553CC966A2A}.Debug|Any CPU.Build.0 = Debug|Any CPU
		{2A9C134A-7100-45A4-B0D9-5553CC966A2A}.Debug|x64.ActiveCfg = Debug|Any CPU
		{2A9C134A-7100-45A4-B0D9-5553CC966A2A}.Debug|x64.Build.0 = Debug|Any CPU
		{2A9C134A-7100-45A4-B0D9-5553CC966A2A}.Debug|x86.ActiveCfg = Debug|Any CPU
		{2A9C134A-7100-45A4-B0D9-5553CC966A2A}.Debug|x86.Build.0 = Debug|Any CPU
		{2A9C134A-7100-45A4-B0D9-5553CC966A2A}.Release|Any CPU.ActiveCfg = Release|Any CPU
		{2A9C134A-7100-45A4-B0D9-5553CC966A2A}.Release|Any CPU.Build.0 = Release|Any CPU
		{2A9C134A-7100-45A4-B0D9-5553CC966A2A}.Release|x64.ActiveCfg = Release|Any CPU
		{2A9C134A-7100-45A4-B0D9-5553CC966A2A}.Release|x64.Build.0 = Release|Any CPU
		{2A9C134A-7100-45A4-B0D9-5553CC966A2A}.Release|x86.ActiveCfg = Release|Any CPU
		{2A9C134A-7100-45A4-B0D9-5553CC966A2A}.Release|x86.Build.0 = Release|Any CPU
		{E6E6A3CF-5758-4B08-8F12-85B28D885AE9}.Debug|Any CPU.ActiveCfg = Debug|Any CPU
		{E6E6A3CF-5758-4B08-8F12-85B28D885AE9}.Debug|Any CPU.Build.0 = Debug|Any CPU
		{E6E6A3CF-5758-4B08-8F12-85B28D885AE9}.Debug|x64.ActiveCfg = Debug|Any CPU
		{E6E6A3CF-5758-4B08-8F12-85B28D885AE9}.Debug|x64.Build.0 = Debug|Any CPU
		{E6E6A3CF-5758-4B08-8F12-85B28D885AE9}.Debug|x86.ActiveCfg = Debug|Any CPU
		{E6E6A3CF-5758-4B08-8F12-85B28D885AE9}.Debug|x86.Build.0 = Debug|Any CPU
		{E6E6A3CF-5758-4B08-8F12-85B28D885AE9}.Release|Any CPU.ActiveCfg = Release|Any CPU
		{E6E6A3CF-5758-4B08-8F12-85B28D885AE9}.Release|Any CPU.Build.0 = Release|Any CPU
		{E6E6A3CF-5758-4B08-8F12-85B28D885AE9}.Release|x64.ActiveCfg = Release|Any CPU
		{E6E6A3CF-5758-4B08-8F12-85B28D885AE9}.Release|x64.Build.0 = Release|Any CPU
		{E6E6A3CF-5758-4B08-8F12-85B28D885AE9}.Release|x86.ActiveCfg = Release|Any CPU
		{E6E6A3CF-5758-4B08-8F12-85B28D885AE9}.Release|x86.Build.0 = Release|Any CPU
		{D4E85B45-2450-43C8-AB41-9F2F5F9D01BC}.Debug|Any CPU.ActiveCfg = Debug|Any CPU
		{D4E85B45-2450-43C8-AB41-9F2F5F9D01BC}.Debug|Any CPU.Build.0 = Debug|Any CPU
		{D4E85B45-2450-43C8-AB41-9F2F5F9D01BC}.Debug|x64.ActiveCfg = Debug|Any CPU
		{D4E85B45-2450-43C8-AB41-9F2F5F9D01BC}.Debug|x64.Build.0 = Debug|Any CPU
		{D4E85B45-2450-43C8-AB41-9F2F5F9D01BC}.Debug|x86.ActiveCfg = Debug|Any CPU
		{D4E85B45-2450-43C8-AB41-9F2F5F9D01BC}.Debug|x86.Build.0 = Debug|Any CPU
		{D4E85B45-2450-43C8-AB41-9F2F5F9D01BC}.Release|Any CPU.ActiveCfg = Release|Any CPU
		{D4E85B45-2450-43C8-AB41-9F2F5F9D01BC}.Release|Any CPU.Build.0 = Release|Any CPU
		{D4E85B45-2450-43C8-AB41-9F2F5F9D01BC}.Release|x64.ActiveCfg = Release|Any CPU
		{D4E85B45-2450-43C8-AB41-9F2F5F9D01BC}.Release|x64.Build.0 = Release|Any CPU
		{D4E85B45-2450-43C8-AB41-9F2F5F9D01BC}.Release|x86.ActiveCfg = Release|Any CPU
		{D4E85B45-2450-43C8-AB41-9F2F5F9D01BC}.Release|x86.Build.0 = Release|Any CPU
		{821BA4A0-4DF5-4782-804B-2687BDED8C43}.Debug|Any CPU.ActiveCfg = Debug|Any CPU
		{821BA4A0-4DF5-4782-804B-2687BDED8C43}.Debug|Any CPU.Build.0 = Debug|Any CPU
		{821BA4A0-4DF5-4782-804B-2687BDED8C43}.Debug|x64.ActiveCfg = Debug|Any CPU
		{821BA4A0-4DF5-4782-804B-2687BDED8C43}.Debug|x64.Build.0 = Debug|Any CPU
		{821BA4A0-4DF5-4782-804B-2687BDED8C43}.Debug|x86.ActiveCfg = Debug|Any CPU
		{821BA4A0-4DF5-4782-804B-2687BDED8C43}.Debug|x86.Build.0 = Debug|Any CPU
		{821BA4A0-4DF5-4782-804B-2687BDED8C43}.Release|Any CPU.ActiveCfg = Release|Any CPU
		{821BA4A0-4DF5-4782-804B-2687BDED8C43}.Release|Any CPU.Build.0 = Release|Any CPU
		{821BA4A0-4DF5-4782-804B-2687BDED8C43}.Release|x64.ActiveCfg = Release|Any CPU
		{821BA4A0-4DF5-4782-804B-2687BDED8C43}.Release|x64.Build.0 = Release|Any CPU
		{821BA4A0-4DF5-4782-804B-2687BDED8C43}.Release|x86.ActiveCfg = Release|Any CPU
		{821BA4A0-4DF5-4782-804B-2687BDED8C43}.Release|x86.Build.0 = Release|Any CPU
		{D710D71D-BDE0-4369-94CC-210EB3019C9B}.Debug|Any CPU.ActiveCfg = Debug|Any CPU
		{D710D71D-BDE0-4369-94CC-210EB3019C9B}.Debug|Any CPU.Build.0 = Debug|Any CPU
		{D710D71D-BDE0-4369-94CC-210EB3019C9B}.Debug|x64.ActiveCfg = Debug|Any CPU
		{D710D71D-BDE0-4369-94CC-210EB3019C9B}.Debug|x64.Build.0 = Debug|Any CPU
		{D710D71D-BDE0-4369-94CC-210EB3019C9B}.Debug|x86.ActiveCfg = Debug|Any CPU
		{D710D71D-BDE0-4369-94CC-210EB3019C9B}.Debug|x86.Build.0 = Debug|Any CPU
		{D710D71D-BDE0-4369-94CC-210EB3019C9B}.Release|Any CPU.ActiveCfg = Release|Any CPU
		{D710D71D-BDE0-4369-94CC-210EB3019C9B}.Release|Any CPU.Build.0 = Release|Any CPU
		{D710D71D-BDE0-4369-94CC-210EB3019C9B}.Release|x64.ActiveCfg = Release|Any CPU
		{D710D71D-BDE0-4369-94CC-210EB3019C9B}.Release|x64.Build.0 = Release|Any CPU
		{D710D71D-BDE0-4369-94CC-210EB3019C9B}.Release|x86.ActiveCfg = Release|Any CPU
		{D710D71D-BDE0-4369-94CC-210EB3019C9B}.Release|x86.Build.0 = Release|Any CPU
		{DDF5C376-A340-4D20-93A9-F37CFA7E3213}.Debug|Any CPU.ActiveCfg = Debug|Any CPU
		{DDF5C376-A340-4D20-93A9-F37CFA7E3213}.Debug|Any CPU.Build.0 = Debug|Any CPU
		{DDF5C376-A340-4D20-93A9-F37CFA7E3213}.Debug|x64.ActiveCfg = Debug|Any CPU
		{DDF5C376-A340-4D20-93A9-F37CFA7E3213}.Debug|x64.Build.0 = Debug|Any CPU
		{DDF5C376-A340-4D20-93A9-F37CFA7E3213}.Debug|x86.ActiveCfg = Debug|Any CPU
		{DDF5C376-A340-4D20-93A9-F37CFA7E3213}.Debug|x86.Build.0 = Debug|Any CPU
		{DDF5C376-A340-4D20-93A9-F37CFA7E3213}.Release|Any CPU.ActiveCfg = Release|Any CPU
		{DDF5C376-A340-4D20-93A9-F37CFA7E3213}.Release|Any CPU.Build.0 = Release|Any CPU
		{DDF5C376-A340-4D20-93A9-F37CFA7E3213}.Release|x64.ActiveCfg = Release|Any CPU
		{DDF5C376-A340-4D20-93A9-F37CFA7E3213}.Release|x64.Build.0 = Release|Any CPU
		{DDF5C376-A340-4D20-93A9-F37CFA7E3213}.Release|x86.ActiveCfg = Release|Any CPU
		{DDF5C376-A340-4D20-93A9-F37CFA7E3213}.Release|x86.Build.0 = Release|Any CPU
		{6C708A75-2027-4A9A-9662-5AA253CC0928}.Debug|Any CPU.ActiveCfg = Debug|Any CPU
		{6C708A75-2027-4A9A-9662-5AA253CC0928}.Debug|Any CPU.Build.0 = Debug|Any CPU
		{6C708A75-2027-4A9A-9662-5AA253CC0928}.Debug|x64.ActiveCfg = Debug|Any CPU
		{6C708A75-2027-4A9A-9662-5AA253CC0928}.Debug|x64.Build.0 = Debug|Any CPU
		{6C708A75-2027-4A9A-9662-5AA253CC0928}.Debug|x86.ActiveCfg = Debug|Any CPU
		{6C708A75-2027-4A9A-9662-5AA253CC0928}.Debug|x86.Build.0 = Debug|Any CPU
		{6C708A75-2027-4A9A-9662-5AA253CC0928}.Release|Any CPU.ActiveCfg = Release|Any CPU
		{6C708A75-2027-4A9A-9662-5AA253CC0928}.Release|Any CPU.Build.0 = Release|Any CPU
		{6C708A75-2027-4A9A-9662-5AA253CC0928}.Release|x64.ActiveCfg = Release|Any CPU
		{6C708A75-2027-4A9A-9662-5AA253CC0928}.Release|x64.Build.0 = Release|Any CPU
		{6C708A75-2027-4A9A-9662-5AA253CC0928}.Release|x86.ActiveCfg = Release|Any CPU
		{6C708A75-2027-4A9A-9662-5AA253CC0928}.Release|x86.Build.0 = Release|Any CPU
		{7DE57B6C-07FC-42F6-831C-D752AFD682B0}.Debug|Any CPU.ActiveCfg = Debug|Any CPU
		{7DE57B6C-07FC-42F6-831C-D752AFD682B0}.Debug|Any CPU.Build.0 = Debug|Any CPU
		{7DE57B6C-07FC-42F6-831C-D752AFD682B0}.Debug|x64.ActiveCfg = Debug|Any CPU
		{7DE57B6C-07FC-42F6-831C-D752AFD682B0}.Debug|x64.Build.0 = Debug|Any CPU
		{7DE57B6C-07FC-42F6-831C-D752AFD682B0}.Debug|x86.ActiveCfg = Debug|Any CPU
		{7DE57B6C-07FC-42F6-831C-D752AFD682B0}.Debug|x86.Build.0 = Debug|Any CPU
		{7DE57B6C-07FC-42F6-831C-D752AFD682B0}.Release|Any CPU.ActiveCfg = Release|Any CPU
		{7DE57B6C-07FC-42F6-831C-D752AFD682B0}.Release|Any CPU.Build.0 = Release|Any CPU
		{7DE57B6C-07FC-42F6-831C-D752AFD682B0}.Release|x64.ActiveCfg = Release|Any CPU
		{7DE57B6C-07FC-42F6-831C-D752AFD682B0}.Release|x64.Build.0 = Release|Any CPU
		{7DE57B6C-07FC-42F6-831C-D752AFD682B0}.Release|x86.ActiveCfg = Release|Any CPU
		{7DE57B6C-07FC-42F6-831C-D752AFD682B0}.Release|x86.Build.0 = Release|Any CPU
		{76A18F58-5868-428C-8995-C4A5A188C58F}.Debug|Any CPU.ActiveCfg = Debug|Any CPU
		{76A18F58-5868-428C-8995-C4A5A188C58F}.Debug|Any CPU.Build.0 = Debug|Any CPU
		{76A18F58-5868-428C-8995-C4A5A188C58F}.Debug|x64.ActiveCfg = Debug|Any CPU
		{76A18F58-5868-428C-8995-C4A5A188C58F}.Debug|x64.Build.0 = Debug|Any CPU
		{76A18F58-5868-428C-8995-C4A5A188C58F}.Debug|x86.ActiveCfg = Debug|Any CPU
		{76A18F58-5868-428C-8995-C4A5A188C58F}.Debug|x86.Build.0 = Debug|Any CPU
		{76A18F58-5868-428C-8995-C4A5A188C58F}.Release|Any CPU.ActiveCfg = Release|Any CPU
		{76A18F58-5868-428C-8995-C4A5A188C58F}.Release|Any CPU.Build.0 = Release|Any CPU
		{76A18F58-5868-428C-8995-C4A5A188C58F}.Release|x64.ActiveCfg = Release|Any CPU
		{76A18F58-5868-428C-8995-C4A5A188C58F}.Release|x64.Build.0 = Release|Any CPU
		{76A18F58-5868-428C-8995-C4A5A188C58F}.Release|x86.ActiveCfg = Release|Any CPU
		{76A18F58-5868-428C-8995-C4A5A188C58F}.Release|x86.Build.0 = Release|Any CPU
		{98AFA5A6-47F3-4F88-B1DB-00F2CA46A30A}.Debug|Any CPU.ActiveCfg = Debug|Any CPU
		{98AFA5A6-47F3-4F88-B1DB-00F2CA46A30A}.Debug|Any CPU.Build.0 = Debug|Any CPU
		{98AFA5A6-47F3-4F88-B1DB-00F2CA46A30A}.Debug|x64.ActiveCfg = Debug|Any CPU
		{98AFA5A6-47F3-4F88-B1DB-00F2CA46A30A}.Debug|x64.Build.0 = Debug|Any CPU
		{98AFA5A6-47F3-4F88-B1DB-00F2CA46A30A}.Debug|x86.ActiveCfg = Debug|Any CPU
		{98AFA5A6-47F3-4F88-B1DB-00F2CA46A30A}.Debug|x86.Build.0 = Debug|Any CPU
		{98AFA5A6-47F3-4F88-B1DB-00F2CA46A30A}.Release|Any CPU.ActiveCfg = Release|Any CPU
		{98AFA5A6-47F3-4F88-B1DB-00F2CA46A30A}.Release|Any CPU.Build.0 = Release|Any CPU
		{98AFA5A6-47F3-4F88-B1DB-00F2CA46A30A}.Release|x64.ActiveCfg = Release|Any CPU
		{98AFA5A6-47F3-4F88-B1DB-00F2CA46A30A}.Release|x64.Build.0 = Release|Any CPU
		{98AFA5A6-47F3-4F88-B1DB-00F2CA46A30A}.Release|x86.ActiveCfg = Release|Any CPU
		{98AFA5A6-47F3-4F88-B1DB-00F2CA46A30A}.Release|x86.Build.0 = Release|Any CPU
		{6129C8FD-77A0-4A1C-A755-512C3D3107FC}.Debug|Any CPU.ActiveCfg = Debug|Any CPU
		{6129C8FD-77A0-4A1C-A755-512C3D3107FC}.Debug|Any CPU.Build.0 = Debug|Any CPU
		{6129C8FD-77A0-4A1C-A755-512C3D3107FC}.Debug|x64.ActiveCfg = Debug|Any CPU
		{6129C8FD-77A0-4A1C-A755-512C3D3107FC}.Debug|x64.Build.0 = Debug|Any CPU
		{6129C8FD-77A0-4A1C-A755-512C3D3107FC}.Debug|x86.ActiveCfg = Debug|Any CPU
		{6129C8FD-77A0-4A1C-A755-512C3D3107FC}.Debug|x86.Build.0 = Debug|Any CPU
		{6129C8FD-77A0-4A1C-A755-512C3D3107FC}.Release|Any CPU.ActiveCfg = Release|Any CPU
		{6129C8FD-77A0-4A1C-A755-512C3D3107FC}.Release|Any CPU.Build.0 = Release|Any CPU
		{6129C8FD-77A0-4A1C-A755-512C3D3107FC}.Release|x64.ActiveCfg = Release|Any CPU
		{6129C8FD-77A0-4A1C-A755-512C3D3107FC}.Release|x64.Build.0 = Release|Any CPU
		{6129C8FD-77A0-4A1C-A755-512C3D3107FC}.Release|x86.ActiveCfg = Release|Any CPU
		{6129C8FD-77A0-4A1C-A755-512C3D3107FC}.Release|x86.Build.0 = Release|Any CPU
		{99A03451-33AC-4798-A924-6F5DE8BE86C2}.Debug|Any CPU.ActiveCfg = Debug|Any CPU
		{99A03451-33AC-4798-A924-6F5DE8BE86C2}.Debug|Any CPU.Build.0 = Debug|Any CPU
		{99A03451-33AC-4798-A924-6F5DE8BE86C2}.Debug|x64.ActiveCfg = Debug|Any CPU
		{99A03451-33AC-4798-A924-6F5DE8BE86C2}.Debug|x64.Build.0 = Debug|Any CPU
		{99A03451-33AC-4798-A924-6F5DE8BE86C2}.Debug|x86.ActiveCfg = Debug|Any CPU
		{99A03451-33AC-4798-A924-6F5DE8BE86C2}.Debug|x86.Build.0 = Debug|Any CPU
		{99A03451-33AC-4798-A924-6F5DE8BE86C2}.Release|Any CPU.ActiveCfg = Release|Any CPU
		{99A03451-33AC-4798-A924-6F5DE8BE86C2}.Release|Any CPU.Build.0 = Release|Any CPU
		{99A03451-33AC-4798-A924-6F5DE8BE86C2}.Release|x64.ActiveCfg = Release|Any CPU
		{99A03451-33AC-4798-A924-6F5DE8BE86C2}.Release|x64.Build.0 = Release|Any CPU
		{99A03451-33AC-4798-A924-6F5DE8BE86C2}.Release|x86.ActiveCfg = Release|Any CPU
		{99A03451-33AC-4798-A924-6F5DE8BE86C2}.Release|x86.Build.0 = Release|Any CPU
		{90B38106-130A-478B-860B-E0EC40458705}.Debug|Any CPU.ActiveCfg = Debug|Any CPU
		{90B38106-130A-478B-860B-E0EC40458705}.Debug|Any CPU.Build.0 = Debug|Any CPU
		{90B38106-130A-478B-860B-E0EC40458705}.Debug|x64.ActiveCfg = Debug|Any CPU
		{90B38106-130A-478B-860B-E0EC40458705}.Debug|x64.Build.0 = Debug|Any CPU
		{90B38106-130A-478B-860B-E0EC40458705}.Debug|x86.ActiveCfg = Debug|Any CPU
		{90B38106-130A-478B-860B-E0EC40458705}.Debug|x86.Build.0 = Debug|Any CPU
		{90B38106-130A-478B-860B-E0EC40458705}.Release|Any CPU.ActiveCfg = Release|Any CPU
		{90B38106-130A-478B-860B-E0EC40458705}.Release|Any CPU.Build.0 = Release|Any CPU
		{90B38106-130A-478B-860B-E0EC40458705}.Release|x64.ActiveCfg = Release|Any CPU
		{90B38106-130A-478B-860B-E0EC40458705}.Release|x64.Build.0 = Release|Any CPU
		{90B38106-130A-478B-860B-E0EC40458705}.Release|x86.ActiveCfg = Release|Any CPU
		{90B38106-130A-478B-860B-E0EC40458705}.Release|x86.Build.0 = Release|Any CPU
		{DE9132D5-0456-495D-B670-52636B8492F4}.Debug|Any CPU.ActiveCfg = Debug|Any CPU
		{DE9132D5-0456-495D-B670-52636B8492F4}.Debug|Any CPU.Build.0 = Debug|Any CPU
		{DE9132D5-0456-495D-B670-52636B8492F4}.Debug|x64.ActiveCfg = Debug|Any CPU
		{DE9132D5-0456-495D-B670-52636B8492F4}.Debug|x64.Build.0 = Debug|Any CPU
		{DE9132D5-0456-495D-B670-52636B8492F4}.Debug|x86.ActiveCfg = Debug|Any CPU
		{DE9132D5-0456-495D-B670-52636B8492F4}.Debug|x86.Build.0 = Debug|Any CPU
		{DE9132D5-0456-495D-B670-52636B8492F4}.Release|Any CPU.ActiveCfg = Release|Any CPU
		{DE9132D5-0456-495D-B670-52636B8492F4}.Release|Any CPU.Build.0 = Release|Any CPU
		{DE9132D5-0456-495D-B670-52636B8492F4}.Release|x64.ActiveCfg = Release|Any CPU
		{DE9132D5-0456-495D-B670-52636B8492F4}.Release|x64.Build.0 = Release|Any CPU
		{DE9132D5-0456-495D-B670-52636B8492F4}.Release|x86.ActiveCfg = Release|Any CPU
		{DE9132D5-0456-495D-B670-52636B8492F4}.Release|x86.Build.0 = Release|Any CPU
		{C014F78D-1163-404C-924C-68EA17BA3481}.Debug|Any CPU.ActiveCfg = Debug|Any CPU
		{C014F78D-1163-404C-924C-68EA17BA3481}.Debug|Any CPU.Build.0 = Debug|Any CPU
		{C014F78D-1163-404C-924C-68EA17BA3481}.Debug|x64.ActiveCfg = Debug|Any CPU
		{C014F78D-1163-404C-924C-68EA17BA3481}.Debug|x64.Build.0 = Debug|Any CPU
		{C014F78D-1163-404C-924C-68EA17BA3481}.Debug|x86.ActiveCfg = Debug|Any CPU
		{C014F78D-1163-404C-924C-68EA17BA3481}.Debug|x86.Build.0 = Debug|Any CPU
		{C014F78D-1163-404C-924C-68EA17BA3481}.Release|Any CPU.ActiveCfg = Release|Any CPU
		{C014F78D-1163-404C-924C-68EA17BA3481}.Release|Any CPU.Build.0 = Release|Any CPU
		{C014F78D-1163-404C-924C-68EA17BA3481}.Release|x64.ActiveCfg = Release|Any CPU
		{C014F78D-1163-404C-924C-68EA17BA3481}.Release|x64.Build.0 = Release|Any CPU
		{C014F78D-1163-404C-924C-68EA17BA3481}.Release|x86.ActiveCfg = Release|Any CPU
		{C014F78D-1163-404C-924C-68EA17BA3481}.Release|x86.Build.0 = Release|Any CPU
		{82A1E92A-79E5-4824-AAD0-63513C91A8A3}.Debug|Any CPU.ActiveCfg = Debug|Any CPU
		{82A1E92A-79E5-4824-AAD0-63513C91A8A3}.Debug|Any CPU.Build.0 = Debug|Any CPU
		{82A1E92A-79E5-4824-AAD0-63513C91A8A3}.Debug|x64.ActiveCfg = Debug|Any CPU
		{82A1E92A-79E5-4824-AAD0-63513C91A8A3}.Debug|x64.Build.0 = Debug|Any CPU
		{82A1E92A-79E5-4824-AAD0-63513C91A8A3}.Debug|x86.ActiveCfg = Debug|Any CPU
		{82A1E92A-79E5-4824-AAD0-63513C91A8A3}.Debug|x86.Build.0 = Debug|Any CPU
		{82A1E92A-79E5-4824-AAD0-63513C91A8A3}.Release|Any CPU.ActiveCfg = Release|Any CPU
		{82A1E92A-79E5-4824-AAD0-63513C91A8A3}.Release|Any CPU.Build.0 = Release|Any CPU
		{82A1E92A-79E5-4824-AAD0-63513C91A8A3}.Release|x64.ActiveCfg = Release|Any CPU
		{82A1E92A-79E5-4824-AAD0-63513C91A8A3}.Release|x64.Build.0 = Release|Any CPU
		{82A1E92A-79E5-4824-AAD0-63513C91A8A3}.Release|x86.ActiveCfg = Release|Any CPU
		{82A1E92A-79E5-4824-AAD0-63513C91A8A3}.Release|x86.Build.0 = Release|Any CPU
		{6955A4DE-1262-468A-95CA-17C1252C5903}.Debug|Any CPU.ActiveCfg = Debug|Any CPU
		{6955A4DE-1262-468A-95CA-17C1252C5903}.Debug|Any CPU.Build.0 = Debug|Any CPU
		{6955A4DE-1262-468A-95CA-17C1252C5903}.Debug|x64.ActiveCfg = Debug|Any CPU
		{6955A4DE-1262-468A-95CA-17C1252C5903}.Debug|x64.Build.0 = Debug|Any CPU
		{6955A4DE-1262-468A-95CA-17C1252C5903}.Debug|x86.ActiveCfg = Debug|Any CPU
		{6955A4DE-1262-468A-95CA-17C1252C5903}.Debug|x86.Build.0 = Debug|Any CPU
		{6955A4DE-1262-468A-95CA-17C1252C5903}.Release|Any CPU.ActiveCfg = Release|Any CPU
		{6955A4DE-1262-468A-95CA-17C1252C5903}.Release|Any CPU.Build.0 = Release|Any CPU
		{6955A4DE-1262-468A-95CA-17C1252C5903}.Release|x64.ActiveCfg = Release|Any CPU
		{6955A4DE-1262-468A-95CA-17C1252C5903}.Release|x64.Build.0 = Release|Any CPU
		{6955A4DE-1262-468A-95CA-17C1252C5903}.Release|x86.ActiveCfg = Release|Any CPU
		{6955A4DE-1262-468A-95CA-17C1252C5903}.Release|x86.Build.0 = Release|Any CPU
		{548E53FA-CC56-4889-91E2-9AFD90981439}.Debug|Any CPU.ActiveCfg = Debug|Any CPU
		{548E53FA-CC56-4889-91E2-9AFD90981439}.Debug|Any CPU.Build.0 = Debug|Any CPU
		{548E53FA-CC56-4889-91E2-9AFD90981439}.Debug|x64.ActiveCfg = Debug|Any CPU
		{548E53FA-CC56-4889-91E2-9AFD90981439}.Debug|x64.Build.0 = Debug|Any CPU
		{548E53FA-CC56-4889-91E2-9AFD90981439}.Debug|x86.ActiveCfg = Debug|Any CPU
		{548E53FA-CC56-4889-91E2-9AFD90981439}.Debug|x86.Build.0 = Debug|Any CPU
		{548E53FA-CC56-4889-91E2-9AFD90981439}.Release|Any CPU.ActiveCfg = Release|Any CPU
		{548E53FA-CC56-4889-91E2-9AFD90981439}.Release|Any CPU.Build.0 = Release|Any CPU
		{548E53FA-CC56-4889-91E2-9AFD90981439}.Release|x64.ActiveCfg = Release|Any CPU
		{548E53FA-CC56-4889-91E2-9AFD90981439}.Release|x64.Build.0 = Release|Any CPU
		{548E53FA-CC56-4889-91E2-9AFD90981439}.Release|x86.ActiveCfg = Release|Any CPU
		{548E53FA-CC56-4889-91E2-9AFD90981439}.Release|x86.Build.0 = Release|Any CPU
	EndGlobalSection
	GlobalSection(SolutionProperties) = preSolution
		HideSolutionNode = FALSE
	EndGlobalSection
EndGlobal
